
Microsoft Visual Studio Solution File, Format Version 12.00
# Visual Studio Version 17
VisualStudioVersion = 17.6.33829.357
MinimumVisualStudioVersion = 10.0.40219.1
Project("{9A19103F-16F7-4668-BE54-9A1E7A4F7556}") = "Services", "Services\Services.csproj", "{683C8167-4191-4F80-8789-1D42727601E4}"
	ProjectSection(ProjectDependencies) = postProject
		{9E6E1694-B194-491B-83DB-AD853FB79F82} = {9E6E1694-B194-491B-83DB-AD853FB79F82}
		{A4A61D96-A10C-43AB-BA43-02F367CE1458} = {A4A61D96-A10C-43AB-BA43-02F367CE1458}
		{A9769BB2-68E4-4D12-83D6-171B3DD8B9D2} = {A9769BB2-68E4-4D12-83D6-171B3DD8B9D2}
		{D4EDA89C-0044-4A77-9B31-B841F1085685} = {D4EDA89C-0044-4A77-9B31-B841F1085685}
	EndProjectSection
EndProject
Project("{9A19103F-16F7-4668-BE54-9A1E7A4F7556}") = "Data", "Data\Data.csproj", "{A9769BB2-68E4-4D12-83D6-171B3DD8B9D2}"
EndProject
Project("{9A19103F-16F7-4668-BE54-9A1E7A4F7556}") = "Domain", "Domain\Domain.csproj", "{9E6E1694-B194-491B-83DB-AD853FB79F82}"
EndProject
Project("{9A19103F-16F7-4668-BE54-9A1E7A4F7556}") = "Business", "Business\Business.csproj", "{A4A61D96-A10C-43AB-BA43-02F367CE1458}"
EndProject
Project("{9A19103F-16F7-4668-BE54-9A1E7A4F7556}") = "Application", "Application\Application.csproj", "{D4EDA89C-0044-4A77-9B31-B841F1085685}"
EndProject
Global
	GlobalSection(SolutionConfigurationPlatforms) = preSolution
		Debug|Any CPU = Debug|Any CPU
		Release|Any CPU = Release|Any CPU
	EndGlobalSection
	GlobalSection(ProjectConfigurationPlatforms) = postSolution
		{683C8167-4191-4F80-8789-1D42727601E4}.Debug|Any CPU.ActiveCfg = Debug|Any CPU
		{683C8167-4191-4F80-8789-1D42727601E4}.Debug|Any CPU.Build.0 = Debug|Any CPU
		{683C8167-4191-4F80-8789-1D42727601E4}.Release|Any CPU.ActiveCfg = Release|Any CPU
		{683C8167-4191-4F80-8789-1D42727601E4}.Release|Any CPU.Build.0 = Release|Any CPU
		{A9769BB2-68E4-4D12-83D6-171B3DD8B9D2}.Debug|Any CPU.ActiveCfg = Debug|Any CPU
		{A9769BB2-68E4-4D12-83D6-171B3DD8B9D2}.Debug|Any CPU.Build.0 = Debug|Any CPU
		{A9769BB2-68E4-4D12-83D6-171B3DD8B9D2}.Release|Any CPU.ActiveCfg = Release|Any CPU
		{A9769BB2-68E4-4D12-83D6-171B3DD8B9D2}.Release|Any CPU.Build.0 = Release|Any CPU
		{9E6E1694-B194-491B-83DB-AD853FB79F82}.Debug|Any CPU.ActiveCfg = Debug|Any CPU
		{9E6E1694-B194-491B-83DB-AD853FB79F82}.Debug|Any CPU.Build.0 = Debug|Any CPU
		{9E6E1694-B194-491B-83DB-AD853FB79F82}.Release|Any CPU.ActiveCfg = Release|Any CPU
		{9E6E1694-B194-491B-83DB-AD853FB79F82}.Release|Any CPU.Build.0 = Release|Any CPU
		{A4A61D96-A10C-43AB-BA43-02F367CE1458}.Debug|Any CPU.ActiveCfg = Debug|Any CPU
		{A4A61D96-A10C-43AB-BA43-02F367CE1458}.Debug|Any CPU.Build.0 = Debug|Any CPU
		{A4A61D96-A10C-43AB-BA43-02F367CE1458}.Release|Any CPU.ActiveCfg = Release|Any CPU
		{A4A61D96-A10C-43AB-BA43-02F367CE1458}.Release|Any CPU.Build.0 = Release|Any CPU
		{D4EDA89C-0044-4A77-9B31-B841F1085685}.Debug|Any CPU.ActiveCfg = Debug|Any CPU
		{D4EDA89C-0044-4A77-9B31-B841F1085685}.Debug|Any CPU.Build.0 = Debug|Any CPU
		{D4EDA89C-0044-4A77-9B31-B841F1085685}.Release|Any CPU.ActiveCfg = Release|Any CPU
		{D4EDA89C-0044-4A77-9B31-B841F1085685}.Release|Any CPU.Build.0 = Release|Any CPU
		{AC650E26-6442-46AE-B993-EFF35EDC0B53}.Debug|Any CPU.ActiveCfg = Debug|Any CPU
		{AC650E26-6442-46AE-B993-EFF35EDC0B53}.Debug|Any CPU.Build.0 = Debug|Any CPU
		{AC650E26-6442-46AE-B993-EFF35EDC0B53}.Release|Any CPU.ActiveCfg = Release|Any CPU
		{AC650E26-6442-46AE-B993-EFF35EDC0B53}.Release|Any CPU.Build.0 = Release|Any CPU
	EndGlobalSection
	GlobalSection(SolutionProperties) = preSolution
		HideSolutionNode = FALSE
	EndGlobalSection
	GlobalSection(ExtensibilityGlobals) = postSolution
		SolutionGuid = {57A25ABA-33A4-4C08-8C16-A43B9C52427B}
	EndGlobalSection
EndGlobal
